
Microsoft Visual Studio Solution File, Format Version 12.00
# Visual Studio Version 17
VisualStudioVersion = 17.4.33122.133
MinimumVisualStudioVersion = 10.0.40219.1
Project("{9A19103F-16F7-4668-BE54-9A1E7A4F7556}") = "Consumer", "Receive\Consumer.csproj", "{29E426C7-E918-4370-A78E-48D0636B0C7F}"
EndProject
Project("{9A19103F-16F7-4668-BE54-9A1E7A4F7556}") = "Producer", "Send\Producer.csproj", "{C22A33EC-0689-4B19-B26C-A07F36444CE0}"
EndProject
Project("{9A19103F-16F7-4668-BE54-9A1E7A4F7556}") = "PDFService", "PDFService\PDFService.csproj", "{AC888242-BCBC-4482-8D4B-6ACC9D3179BB}"
EndProject
Project("{9A19103F-16F7-4668-BE54-9A1E7A4F7556}") = "WebPageService", "WebPageService\WebPageService.csproj", "{340C65B1-E163-40CA-A6AA-8D01187A4BB6}"
EndProject
Project("{9A19103F-16F7-4668-BE54-9A1E7A4F7556}") = "CurriculumService", "CurriculumService\CurriculumService.csproj", "{C8FA49BB-0272-4937-8A41-BFC835E7349C}"
EndProject
Project("{9A19103F-16F7-4668-BE54-9A1E7A4F7556}") = "NotificationService", "NotificationService\NotificationService.csproj", "{3865E995-D952-4D01-9480-12841ECE0DE2}"
EndProject
Project("{9A19103F-16F7-4668-BE54-9A1E7A4F7556}") = "CurriculumMeditator", "CurriculumMeditator\CurriculumMeditator.csproj", "{01D4B40E-7970-4B04-A515-817BAFCEE764}"
EndProject
Project("{FAE04EC0-301F-11D3-BF4B-00C04F79EFBC}") = "RabbitMQClient", "RabbitMQClient\RabbitMQClient.csproj", "{C81A0C35-F7F6-45B4-BE3D-4452EF5C3FE3}"
EndProject
Project("{FAE04EC0-301F-11D3-BF4B-00C04F79EFBC}") = "BlogStorageService", "BlogStorageService\BlogStorageService.csproj", "{24AEE738-EECC-4484-B27B-8F987DD08E31}"
EndProject
Project("{2150E333-8FDC-42A3-9474-1A3956D46DE8}") = "BuildingBlocks", "BuildingBlocks", "{E7716126-D172-4746-A493-1AD37364674D}"
EndProject
Project("{2150E333-8FDC-42A3-9474-1A3956D46DE8}") = "Services", "Services", "{5AE56268-2344-434D-81EC-F0870F4B5D38}"
EndProject
Project("{2150E333-8FDC-42A3-9474-1A3956D46DE8}") = "Meditators", "Meditators", "{6FA1F604-D298-4FC8-8DF8-FDDB68E90CE4}"
EndProject
Global
	GlobalSection(SolutionConfigurationPlatforms) = preSolution
		Debug|Any CPU = Debug|Any CPU
		Release|Any CPU = Release|Any CPU
	EndGlobalSection
	GlobalSection(ProjectConfigurationPlatforms) = postSolution
		{29E426C7-E918-4370-A78E-48D0636B0C7F}.Debug|Any CPU.ActiveCfg = Debug|Any CPU
		{29E426C7-E918-4370-A78E-48D0636B0C7F}.Debug|Any CPU.Build.0 = Debug|Any CPU
		{29E426C7-E918-4370-A78E-48D0636B0C7F}.Release|Any CPU.ActiveCfg = Release|Any CPU
		{29E426C7-E918-4370-A78E-48D0636B0C7F}.Release|Any CPU.Build.0 = Release|Any CPU
		{C22A33EC-0689-4B19-B26C-A07F36444CE0}.Debug|Any CPU.ActiveCfg = Debug|Any CPU
		{C22A33EC-0689-4B19-B26C-A07F36444CE0}.Debug|Any CPU.Build.0 = Debug|Any CPU
		{C22A33EC-0689-4B19-B26C-A07F36444CE0}.Release|Any CPU.ActiveCfg = Release|Any CPU
		{C22A33EC-0689-4B19-B26C-A07F36444CE0}.Release|Any CPU.Build.0 = Release|Any CPU
		{AC888242-BCBC-4482-8D4B-6ACC9D3179BB}.Debug|Any CPU.ActiveCfg = Debug|Any CPU
		{AC888242-BCBC-4482-8D4B-6ACC9D3179BB}.Debug|Any CPU.Build.0 = Debug|Any CPU
		{AC888242-BCBC-4482-8D4B-6ACC9D3179BB}.Release|Any CPU.ActiveCfg = Release|Any CPU
		{AC888242-BCBC-4482-8D4B-6ACC9D3179BB}.Release|Any CPU.Build.0 = Release|Any CPU
		{340C65B1-E163-40CA-A6AA-8D01187A4BB6}.Debug|Any CPU.ActiveCfg = Debug|Any CPU
		{340C65B1-E163-40CA-A6AA-8D01187A4BB6}.Debug|Any CPU.Build.0 = Debug|Any CPU
		{340C65B1-E163-40CA-A6AA-8D01187A4BB6}.Release|Any CPU.ActiveCfg = Release|Any CPU
		{340C65B1-E163-40CA-A6AA-8D01187A4BB6}.Release|Any CPU.Build.0 = Release|Any CPU
		{C8FA49BB-0272-4937-8A41-BFC835E7349C}.Debug|Any CPU.ActiveCfg = Debug|Any CPU
		{C8FA49BB-0272-4937-8A41-BFC835E7349C}.Debug|Any CPU.Build.0 = Debug|Any CPU
		{C8FA49BB-0272-4937-8A41-BFC835E7349C}.Release|Any CPU.ActiveCfg = Release|Any CPU
		{C8FA49BB-0272-4937-8A41-BFC835E7349C}.Release|Any CPU.Build.0 = Release|Any CPU
		{3865E995-D952-4D01-9480-12841ECE0DE2}.Debug|Any CPU.ActiveCfg = Debug|Any CPU
		{3865E995-D952-4D01-9480-12841ECE0DE2}.Debug|Any CPU.Build.0 = Debug|Any CPU
		{3865E995-D952-4D01-9480-12841ECE0DE2}.Release|Any CPU.ActiveCfg = Release|Any CPU
		{3865E995-D952-4D01-9480-12841ECE0DE2}.Release|Any CPU.Build.0 = Release|Any CPU
		{01D4B40E-7970-4B04-A515-817BAFCEE764}.Debug|Any CPU.ActiveCfg = Debug|Any CPU
		{01D4B40E-7970-4B04-A515-817BAFCEE764}.Debug|Any CPU.Build.0 = Debug|Any CPU
		{01D4B40E-7970-4B04-A515-817BAFCEE764}.Release|Any CPU.ActiveCfg = Release|Any CPU
		{01D4B40E-7970-4B04-A515-817BAFCEE764}.Release|Any CPU.Build.0 = Release|Any CPU
		{C81A0C35-F7F6-45B4-BE3D-4452EF5C3FE3}.Debug|Any CPU.ActiveCfg = Debug|Any CPU
		{C81A0C35-F7F6-45B4-BE3D-4452EF5C3FE3}.Debug|Any CPU.Build.0 = Debug|Any CPU
		{C81A0C35-F7F6-45B4-BE3D-4452EF5C3FE3}.Release|Any CPU.ActiveCfg = Release|Any CPU
		{C81A0C35-F7F6-45B4-BE3D-4452EF5C3FE3}.Release|Any CPU.Build.0 = Release|Any CPU
		{24AEE738-EECC-4484-B27B-8F987DD08E31}.Debug|Any CPU.ActiveCfg = Debug|Any CPU
		{24AEE738-EECC-4484-B27B-8F987DD08E31}.Debug|Any CPU.Build.0 = Debug|Any CPU
		{24AEE738-EECC-4484-B27B-8F987DD08E31}.Release|Any CPU.ActiveCfg = Release|Any CPU
		{24AEE738-EECC-4484-B27B-8F987DD08E31}.Release|Any CPU.Build.0 = Release|Any CPU
	EndGlobalSection
	GlobalSection(SolutionProperties) = preSolution
		HideSolutionNode = FALSE
	EndGlobalSection
	GlobalSection(NestedProjects) = preSolution
		{AC888242-BCBC-4482-8D4B-6ACC9D3179BB} = {5AE56268-2344-434D-81EC-F0870F4B5D38}
		{340C65B1-E163-40CA-A6AA-8D01187A4BB6} = {5AE56268-2344-434D-81EC-F0870F4B5D38}
		{C8FA49BB-0272-4937-8A41-BFC835E7349C} = {5AE56268-2344-434D-81EC-F0870F4B5D38}
		{3865E995-D952-4D01-9480-12841ECE0DE2} = {5AE56268-2344-434D-81EC-F0870F4B5D38}
		{01D4B40E-7970-4B04-A515-817BAFCEE764} = {6FA1F604-D298-4FC8-8DF8-FDDB68E90CE4}
		{C81A0C35-F7F6-45B4-BE3D-4452EF5C3FE3} = {E7716126-D172-4746-A493-1AD37364674D}
		{24AEE738-EECC-4484-B27B-8F987DD08E31} = {E7716126-D172-4746-A493-1AD37364674D}
	EndGlobalSection
	GlobalSection(ExtensibilityGlobals) = postSolution
		SolutionGuid = {424D6A26-877A-4967-8FE3-F06BC3F0398C}
	EndGlobalSection
EndGlobal
