
Microsoft Visual Studio Solution File, Format Version 12.00
# Visual Studio Version 17
VisualStudioVersion = 17.4.33122.133
MinimumVisualStudioVersion = 10.0.40219.1
Project("{9A19103F-16F7-4668-BE54-9A1E7A4F7556}") = "Consumer", "Receive\Consumer.csproj", "{29E426C7-E918-4370-A78E-48D0636B0C7F}"
EndProject
Project("{9A19103F-16F7-4668-BE54-9A1E7A4F7556}") = "Producer", "Send\Producer.csproj", "{C22A33EC-0689-4B19-B26C-A07F36444CE0}"
EndProject
Project("{9A19103F-16F7-4668-BE54-9A1E7A4F7556}") = "CurriculumService", "CurriculumVerifier\CurriculumService.csproj", "{BA1F9FDE-97A7-4692-8194-F9C3B55045DF}"
EndProject
Project("{9A19103F-16F7-4668-BE54-9A1E7A4F7556}") = "PDFService", "PDFService\PDFService.csproj", "{AC888242-BCBC-4482-8D4B-6ACC9D3179BB}"
EndProject
Project("{FAE04EC0-301F-11D3-BF4B-00C04F79EFBC}") = "NotificationService", "EmailSerivice\NotificationService.csproj", "{51C88103-9E46-4D28-9E5B-ADCB25D22DEC}"
EndProject
Project("{FAE04EC0-301F-11D3-BF4B-00C04F79EFBC}") = "WebPageService", "WebPageService\WebPageService.csproj", "{340C65B1-E163-40CA-A6AA-8D01187A4BB6}"
EndProject
Global
	GlobalSection(SolutionConfigurationPlatforms) = preSolution
		Debug|Any CPU = Debug|Any CPU
		Release|Any CPU = Release|Any CPU
	EndGlobalSection
	GlobalSection(ProjectConfigurationPlatforms) = postSolution
		{29E426C7-E918-4370-A78E-48D0636B0C7F}.Debug|Any CPU.ActiveCfg = Debug|Any CPU
		{29E426C7-E918-4370-A78E-48D0636B0C7F}.Debug|Any CPU.Build.0 = Debug|Any CPU
		{29E426C7-E918-4370-A78E-48D0636B0C7F}.Release|Any CPU.ActiveCfg = Release|Any CPU
		{29E426C7-E918-4370-A78E-48D0636B0C7F}.Release|Any CPU.Build.0 = Release|Any CPU
		{C22A33EC-0689-4B19-B26C-A07F36444CE0}.Debug|Any CPU.ActiveCfg = Debug|Any CPU
		{C22A33EC-0689-4B19-B26C-A07F36444CE0}.Debug|Any CPU.Build.0 = Debug|Any CPU
		{C22A33EC-0689-4B19-B26C-A07F36444CE0}.Release|Any CPU.ActiveCfg = Release|Any CPU
		{C22A33EC-0689-4B19-B26C-A07F36444CE0}.Release|Any CPU.Build.0 = Release|Any CPU
		{BA1F9FDE-97A7-4692-8194-F9C3B55045DF}.Debug|Any CPU.ActiveCfg = Debug|Any CPU
		{BA1F9FDE-97A7-4692-8194-F9C3B55045DF}.Debug|Any CPU.Build.0 = Debug|Any CPU
		{BA1F9FDE-97A7-4692-8194-F9C3B55045DF}.Release|Any CPU.ActiveCfg = Release|Any CPU
		{BA1F9FDE-97A7-4692-8194-F9C3B55045DF}.Release|Any CPU.Build.0 = Release|Any CPU
		{AC888242-BCBC-4482-8D4B-6ACC9D3179BB}.Debug|Any CPU.ActiveCfg = Debug|Any CPU
		{AC888242-BCBC-4482-8D4B-6ACC9D3179BB}.Debug|Any CPU.Build.0 = Debug|Any CPU
		{AC888242-BCBC-4482-8D4B-6ACC9D3179BB}.Release|Any CPU.ActiveCfg = Release|Any CPU
		{AC888242-BCBC-4482-8D4B-6ACC9D3179BB}.Release|Any CPU.Build.0 = Release|Any CPU
		{51C88103-9E46-4D28-9E5B-ADCB25D22DEC}.Debug|Any CPU.ActiveCfg = Debug|Any CPU
		{51C88103-9E46-4D28-9E5B-ADCB25D22DEC}.Debug|Any CPU.Build.0 = Debug|Any CPU
		{51C88103-9E46-4D28-9E5B-ADCB25D22DEC}.Release|Any CPU.ActiveCfg = Release|Any CPU
		{51C88103-9E46-4D28-9E5B-ADCB25D22DEC}.Release|Any CPU.Build.0 = Release|Any CPU
		{340C65B1-E163-40CA-A6AA-8D01187A4BB6}.Debug|Any CPU.ActiveCfg = Debug|Any CPU
		{340C65B1-E163-40CA-A6AA-8D01187A4BB6}.Debug|Any CPU.Build.0 = Debug|Any CPU
		{340C65B1-E163-40CA-A6AA-8D01187A4BB6}.Release|Any CPU.ActiveCfg = Release|Any CPU
		{340C65B1-E163-40CA-A6AA-8D01187A4BB6}.Release|Any CPU.Build.0 = Release|Any CPU
	EndGlobalSection
	GlobalSection(SolutionProperties) = preSolution
		HideSolutionNode = FALSE
	EndGlobalSection
	GlobalSection(ExtensibilityGlobals) = postSolution
		SolutionGuid = {424D6A26-877A-4967-8FE3-F06BC3F0398C}
	EndGlobalSection
EndGlobal
