
Microsoft Visual Studio Solution File, Format Version 12.00
# Visual Studio Version 17
VisualStudioVersion = 17.4.33122.133
MinimumVisualStudioVersion = 10.0.40219.1
Project("{9A19103F-16F7-4668-BE54-9A1E7A4F7556}") = "Consumer", "Receive\Consumer.csproj", "{29E426C7-E918-4370-A78E-48D0636B0C7F}"
EndProject
Project("{9A19103F-16F7-4668-BE54-9A1E7A4F7556}") = "Producer", "Send\Producer.csproj", "{C22A33EC-0689-4B19-B26C-A07F36444CE0}"
EndProject
Project("{2150E333-8FDC-42A3-9474-1A3956D46DE8}") = "BuildingBlocks", "BuildingBlocks", "{E7716126-D172-4746-A493-1AD37364674D}"
EndProject
Project("{2150E333-8FDC-42A3-9474-1A3956D46DE8}") = "Services", "Services", "{5AE56268-2344-434D-81EC-F0870F4B5D38}"
EndProject
Project("{2150E333-8FDC-42A3-9474-1A3956D46DE8}") = "Meditators", "Meditators", "{6FA1F604-D298-4FC8-8DF8-FDDB68E90CE4}"
EndProject
Project("{9A19103F-16F7-4668-BE54-9A1E7A4F7556}") = "RabbitMQService", "BuildingBlocks\RabbitMQClient\RabbitMQService.csproj", "{90507631-66E1-4C70-8309-B336792F1DBA}"
EndProject
Project("{9A19103F-16F7-4668-BE54-9A1E7A4F7556}") = "CurriculumMeditator", "Mediators\CurriculumMeditator\CurriculumMeditator.csproj", "{C05DCE53-CFA4-439A-9A68-6510576F44DB}"
EndProject
Project("{9A19103F-16F7-4668-BE54-9A1E7A4F7556}") = "CurriculumService", "Services\CurriculumService\CurriculumService.csproj", "{CACFD220-3EA2-4BE7-9CC9-A8C38538559D}"
EndProject
Project("{9A19103F-16F7-4668-BE54-9A1E7A4F7556}") = "PDFService", "Services\PDFService\PDFService.csproj", "{406076CE-9443-4575-AA90-E55DD2EC0A94}"
EndProject
Project("{9A19103F-16F7-4668-BE54-9A1E7A4F7556}") = "WebPageService", "Services\WebPageService\WebPageService.csproj", "{E52CA9B0-4D77-4709-B1D7-77A03F8D92E1}"
EndProject
Project("{9A19103F-16F7-4668-BE54-9A1E7A4F7556}") = "NotificationService", "Services\NotificationService\NotificationService.csproj", "{36407E1B-9316-4A7B-A8F2-CE2E2FFF402F}"
EndProject
Project("{9A19103F-16F7-4668-BE54-9A1E7A4F7556}") = "BlobStorageService", "BuildingBlocks\BlobStorageService\BlobStorageService.csproj", "{F671550F-DE07-4DC0-AD42-1244EE400016}"
EndProject
Project("{2150E333-8FDC-42A3-9474-1A3956D46DE8}") = "Common", "Common", "{BEFBEDCC-AF58-40F7-8752-718A4CF43F73}"
EndProject
Project("{2150E333-8FDC-42A3-9474-1A3956D46DE8}") = "ApiGateways", "ApiGateways", "{48C8B695-2767-4376-8885-DCA44269E1F7}"
EndProject
Project("{9A19103F-16F7-4668-BE54-9A1E7A4F7556}") = "ApiGateway", "ApiGateway\ApiGateway.csproj", "{1820065A-EDF3-4DEC-B652-BC44BA33F346}"
EndProject
Project("{FAE04EC0-301F-11D3-BF4B-00C04F79EFBC}") = "ServiceManager", "ServiceManager\ServiceManager.csproj", "{3019D229-B686-48E4-B6E6-F13727645F9E}"
EndProject
Global
	GlobalSection(SolutionConfigurationPlatforms) = preSolution
		Debug|Any CPU = Debug|Any CPU
		Release|Any CPU = Release|Any CPU
	EndGlobalSection
	GlobalSection(ProjectConfigurationPlatforms) = postSolution
		{29E426C7-E918-4370-A78E-48D0636B0C7F}.Debug|Any CPU.ActiveCfg = Debug|Any CPU
		{29E426C7-E918-4370-A78E-48D0636B0C7F}.Debug|Any CPU.Build.0 = Debug|Any CPU
		{29E426C7-E918-4370-A78E-48D0636B0C7F}.Release|Any CPU.ActiveCfg = Release|Any CPU
		{29E426C7-E918-4370-A78E-48D0636B0C7F}.Release|Any CPU.Build.0 = Release|Any CPU
		{C22A33EC-0689-4B19-B26C-A07F36444CE0}.Debug|Any CPU.ActiveCfg = Debug|Any CPU
		{C22A33EC-0689-4B19-B26C-A07F36444CE0}.Debug|Any CPU.Build.0 = Debug|Any CPU
		{C22A33EC-0689-4B19-B26C-A07F36444CE0}.Release|Any CPU.ActiveCfg = Release|Any CPU
		{C22A33EC-0689-4B19-B26C-A07F36444CE0}.Release|Any CPU.Build.0 = Release|Any CPU
		{90507631-66E1-4C70-8309-B336792F1DBA}.Debug|Any CPU.ActiveCfg = Debug|Any CPU
		{90507631-66E1-4C70-8309-B336792F1DBA}.Debug|Any CPU.Build.0 = Debug|Any CPU
		{90507631-66E1-4C70-8309-B336792F1DBA}.Release|Any CPU.ActiveCfg = Release|Any CPU
		{90507631-66E1-4C70-8309-B336792F1DBA}.Release|Any CPU.Build.0 = Release|Any CPU
		{C05DCE53-CFA4-439A-9A68-6510576F44DB}.Debug|Any CPU.ActiveCfg = Debug|Any CPU
		{C05DCE53-CFA4-439A-9A68-6510576F44DB}.Debug|Any CPU.Build.0 = Debug|Any CPU
		{C05DCE53-CFA4-439A-9A68-6510576F44DB}.Release|Any CPU.ActiveCfg = Release|Any CPU
		{C05DCE53-CFA4-439A-9A68-6510576F44DB}.Release|Any CPU.Build.0 = Release|Any CPU
		{CACFD220-3EA2-4BE7-9CC9-A8C38538559D}.Debug|Any CPU.ActiveCfg = Debug|Any CPU
		{CACFD220-3EA2-4BE7-9CC9-A8C38538559D}.Debug|Any CPU.Build.0 = Debug|Any CPU
		{CACFD220-3EA2-4BE7-9CC9-A8C38538559D}.Release|Any CPU.ActiveCfg = Release|Any CPU
		{CACFD220-3EA2-4BE7-9CC9-A8C38538559D}.Release|Any CPU.Build.0 = Release|Any CPU
		{406076CE-9443-4575-AA90-E55DD2EC0A94}.Debug|Any CPU.ActiveCfg = Debug|Any CPU
		{406076CE-9443-4575-AA90-E55DD2EC0A94}.Debug|Any CPU.Build.0 = Debug|Any CPU
		{406076CE-9443-4575-AA90-E55DD2EC0A94}.Release|Any CPU.ActiveCfg = Release|Any CPU
		{406076CE-9443-4575-AA90-E55DD2EC0A94}.Release|Any CPU.Build.0 = Release|Any CPU
		{E52CA9B0-4D77-4709-B1D7-77A03F8D92E1}.Debug|Any CPU.ActiveCfg = Debug|Any CPU
		{E52CA9B0-4D77-4709-B1D7-77A03F8D92E1}.Debug|Any CPU.Build.0 = Debug|Any CPU
		{E52CA9B0-4D77-4709-B1D7-77A03F8D92E1}.Release|Any CPU.ActiveCfg = Release|Any CPU
		{E52CA9B0-4D77-4709-B1D7-77A03F8D92E1}.Release|Any CPU.Build.0 = Release|Any CPU
		{36407E1B-9316-4A7B-A8F2-CE2E2FFF402F}.Debug|Any CPU.ActiveCfg = Debug|Any CPU
		{36407E1B-9316-4A7B-A8F2-CE2E2FFF402F}.Debug|Any CPU.Build.0 = Debug|Any CPU
		{36407E1B-9316-4A7B-A8F2-CE2E2FFF402F}.Release|Any CPU.ActiveCfg = Release|Any CPU
		{36407E1B-9316-4A7B-A8F2-CE2E2FFF402F}.Release|Any CPU.Build.0 = Release|Any CPU
		{F671550F-DE07-4DC0-AD42-1244EE400016}.Debug|Any CPU.ActiveCfg = Debug|Any CPU
		{F671550F-DE07-4DC0-AD42-1244EE400016}.Debug|Any CPU.Build.0 = Debug|Any CPU
		{F671550F-DE07-4DC0-AD42-1244EE400016}.Release|Any CPU.ActiveCfg = Release|Any CPU
		{F671550F-DE07-4DC0-AD42-1244EE400016}.Release|Any CPU.Build.0 = Release|Any CPU
		{1820065A-EDF3-4DEC-B652-BC44BA33F346}.Debug|Any CPU.ActiveCfg = Debug|Any CPU
		{1820065A-EDF3-4DEC-B652-BC44BA33F346}.Debug|Any CPU.Build.0 = Debug|Any CPU
		{1820065A-EDF3-4DEC-B652-BC44BA33F346}.Release|Any CPU.ActiveCfg = Release|Any CPU
		{1820065A-EDF3-4DEC-B652-BC44BA33F346}.Release|Any CPU.Build.0 = Release|Any CPU
		{3019D229-B686-48E4-B6E6-F13727645F9E}.Debug|Any CPU.ActiveCfg = Debug|Any CPU
		{3019D229-B686-48E4-B6E6-F13727645F9E}.Debug|Any CPU.Build.0 = Debug|Any CPU
		{3019D229-B686-48E4-B6E6-F13727645F9E}.Release|Any CPU.ActiveCfg = Release|Any CPU
		{3019D229-B686-48E4-B6E6-F13727645F9E}.Release|Any CPU.Build.0 = Release|Any CPU
	EndGlobalSection
	GlobalSection(SolutionProperties) = preSolution
		HideSolutionNode = FALSE
	EndGlobalSection
	GlobalSection(NestedProjects) = preSolution
		{90507631-66E1-4C70-8309-B336792F1DBA} = {E7716126-D172-4746-A493-1AD37364674D}
		{C05DCE53-CFA4-439A-9A68-6510576F44DB} = {6FA1F604-D298-4FC8-8DF8-FDDB68E90CE4}
		{CACFD220-3EA2-4BE7-9CC9-A8C38538559D} = {5AE56268-2344-434D-81EC-F0870F4B5D38}
		{406076CE-9443-4575-AA90-E55DD2EC0A94} = {5AE56268-2344-434D-81EC-F0870F4B5D38}
		{E52CA9B0-4D77-4709-B1D7-77A03F8D92E1} = {5AE56268-2344-434D-81EC-F0870F4B5D38}
		{36407E1B-9316-4A7B-A8F2-CE2E2FFF402F} = {5AE56268-2344-434D-81EC-F0870F4B5D38}
		{F671550F-DE07-4DC0-AD42-1244EE400016} = {E7716126-D172-4746-A493-1AD37364674D}
		{1820065A-EDF3-4DEC-B652-BC44BA33F346} = {48C8B695-2767-4376-8885-DCA44269E1F7}
		{3019D229-B686-48E4-B6E6-F13727645F9E} = {6FA1F604-D298-4FC8-8DF8-FDDB68E90CE4}
	EndGlobalSection
	GlobalSection(ExtensibilityGlobals) = postSolution
		SolutionGuid = {424D6A26-877A-4967-8FE3-F06BC3F0398C}
	EndGlobalSection
EndGlobal
