
Microsoft Visual Studio Solution File, Format Version 12.00
# Visual Studio Version 17
VisualStudioVersion = 17.4.33122.133
MinimumVisualStudioVersion = 10.0.40219.1
Project("{9A19103F-16F7-4668-BE54-9A1E7A4F7556}") = "Send", "RabbitMQGettingStarted\Send.csproj", "{C1176534-9B80-475F-AA66-BF797B7EBCD0}"
EndProject
Project("{FAE04EC0-301F-11D3-BF4B-00C04F79EFBC}") = "Receive", "Receive\Receive.csproj", "{29E426C7-E918-4370-A78E-48D0636B0C7F}"
EndProject
Global
	GlobalSection(SolutionConfigurationPlatforms) = preSolution
		Debug|Any CPU = Debug|Any CPU
		Release|Any CPU = Release|Any CPU
	EndGlobalSection
	GlobalSection(ProjectConfigurationPlatforms) = postSolution
		{C1176534-9B80-475F-AA66-BF797B7EBCD0}.Debug|Any CPU.ActiveCfg = Debug|Any CPU
		{C1176534-9B80-475F-AA66-BF797B7EBCD0}.Debug|Any CPU.Build.0 = Debug|Any CPU
		{C1176534-9B80-475F-AA66-BF797B7EBCD0}.Release|Any CPU.ActiveCfg = Release|Any CPU
		{C1176534-9B80-475F-AA66-BF797B7EBCD0}.Release|Any CPU.Build.0 = Release|Any CPU
		{29E426C7-E918-4370-A78E-48D0636B0C7F}.Debug|Any CPU.ActiveCfg = Debug|Any CPU
		{29E426C7-E918-4370-A78E-48D0636B0C7F}.Debug|Any CPU.Build.0 = Debug|Any CPU
		{29E426C7-E918-4370-A78E-48D0636B0C7F}.Release|Any CPU.ActiveCfg = Release|Any CPU
		{29E426C7-E918-4370-A78E-48D0636B0C7F}.Release|Any CPU.Build.0 = Release|Any CPU
	EndGlobalSection
	GlobalSection(SolutionProperties) = preSolution
		HideSolutionNode = FALSE
	EndGlobalSection
	GlobalSection(ExtensibilityGlobals) = postSolution
		SolutionGuid = {424D6A26-877A-4967-8FE3-F06BC3F0398C}
	EndGlobalSection
EndGlobal
